Microsoft Visual Studio Solution File, Format Version 11.00
# Visual Studio 2008

Project("{553BC906-3BF4-4E0C-16D4-863C3956C11F}") = "Mouse Runner", "Assembly-CSharp.csproj", "{F6AE3A4B-5A3C-3477-DB7D-115C1F8716BE}"
EndProject
Global
	GlobalSection(SolutionConfigurationPlatforms) = preSolution
		Debug|Any CPU = Debug|Any CPU
		Release|Any CPU = Release|Any CPU
	EndGlobalSection
	GlobalSection(ProjectConfigurationPlatforms) = postSolution
		{F6AE3A4B-5A3C-3477-DB7D-115C1F8716BE}.Debug|Any CPU.ActiveCfg = Debug|Any CPU
		{F6AE3A4B-5A3C-3477-DB7D-115C1F8716BE}.Debug|Any CPU.Build.0 = Debug|Any CPU
		{F6AE3A4B-5A3C-3477-DB7D-115C1F8716BE}.Release|Any CPU.ActiveCfg = Release|Any CPU
		{F6AE3A4B-5A3C-3477-DB7D-115C1F8716BE}.Release|Any CPU.Build.0 = Release|Any CPU
	EndGlobalSection
	GlobalSection(SolutionProperties) = preSolution
		HideSolutionNode = FALSE
	EndGlobalSection
	GlobalSection(MonoDevelopProperties) = preSolution
		StartupItem = Assembly-CSharp.csproj
	EndGlobalSection
EndGlobal
